// !$*UTF8*$!
{
	archiveVersion = 1;
	classes = {
	};
	objectVersion = 46;
	objects = {

/* Begin PBXBuildFile section */
		00A103C317546AB400DA58E3 /* UIKit.framework in Frameworks */ = {isa = PBXBuildFile; fileRef = 00A103C217546AB400DA58E3 /* UIKit.framework */; };
		00A103C517546AB400DA58E3 /* Foundation.framework in Frameworks */ = {isa = PBXBuildFile; fileRef = 00A103C417546AB400DA58E3 /* Foundation.framework */; };
		00A103C717546AB400DA58E3 /* CoreGraphics.framework in Frameworks */ = {isa = PBXBuildFile; fileRef = 00A103C617546AB400DA58E3 /* CoreGraphics.framework */; };
		00A103CD17546AB400DA58E3 /* InfoPlist.strings in Resources */ = {isa = PBXBuildFile; fileRef = 00A103CB17546AB400DA58E3 /* InfoPlist.strings */; };
		00A103CF17546AB400DA58E3 /* main.m in Sources */ = {isa = PBXBuildFile; fileRef = 00A103CE17546AB400DA58E3 /* main.m */; };
		00A103D317546AB400DA58E3 /* XYZAppDelegate.m in Sources */ = {isa = PBXBuildFile; fileRef = 00A103D217546AB400DA58E3 /* XYZAppDelegate.m */; };
		00A103D517546AB400DA58E3 /* Default.png in Resources */ = {isa = PBXBuildFile; fileRef = 00A103D417546AB400DA58E3 /* Default.png */; };
		00A103D717546AB400DA58E3 /* Default@2x.png in Resources */ = {isa = PBXBuildFile; fileRef = 00A103D617546AB400DA58E3 /* Default@2x.png */; };
		00A103D917546AB400DA58E3 /* Default-568h@2x.png in Resources */ = {isa = PBXBuildFile; fileRef = 00A103D817546AB400DA58E3 /* Default-568h@2x.png */; };
		00A103DC17546AB400DA58E3 /* XYZViewController.m in Sources */ = {isa = PBXBuildFile; fileRef = 00A103DB17546AB400DA58E3 /* XYZViewController.m */; };
		00A103DF17546AB400DA58E3 /* XYZViewController.xib in Resources */ = {isa = PBXBuildFile; fileRef = 00A103DD17546AB400DA58E3 /* XYZViewController.xib */; };
		00F2435217572204000A0B9A /* Button1.jpg in Resources */ = {isa = PBXBuildFile; fileRef = 00F2435117572204000A0B9A /* Button1.jpg */; };
		00F2435417572688000A0B9A /* Button3.jpg in Resources */ = {isa = PBXBuildFile; fileRef = 00F2435317572688000A0B9A /* Button3.jpg */; };
		00F243561757269D000A0B9A /* Button2.jpg in Resources */ = {isa = PBXBuildFile; fileRef = 00F243551757269D000A0B9A /* Button2.jpg */; };
		00F2435A175727F2000A0B9A /* Buttonright.jpg in Resources */ = {isa = PBXBuildFile; fileRef = 00F24359175727F2000A0B9A /* Buttonright.jpg */; };
/* End PBXBuildFile section */

/* Begin PBXFileReference section */
		00A103BF17546AB400DA58E3 /* DragAndDrop.app */ = {isa = PBXFileReference; explicitFileType = wrapper.application; includeInIndex = 0; path = DragAndDrop.app; sourceTree = BUILT_PRODUCTS_DIR; };
		00A103C217546AB400DA58E3 /* UIKit.framework */ = {isa = PBXFileReference; lastKnownFileType = wrapper.framework; name = UIKit.framework; path = System/Library/Frameworks/UIKit.framework; sourceTree = SDKROOT; };
		00A103C417546AB400DA58E3 /* Foundation.framework */ = {isa = PBXFileReference; lastKnownFileType = wrapper.framework; name = Foundation.framework; path = System/Library/Frameworks/Foundation.framework; sourceTree = SDKROOT; };
		00A103C617546AB400DA58E3 /* CoreGraphics.framework */ = {isa = PBXFileReference; lastKnownFileType = wrapper.framework; name = CoreGraphics.framework; path = System/Library/Frameworks/CoreGraphics.framework; sourceTree = SDKROOT; };
		00A103CA17546AB400DA58E3 /* DragAndDrop-Info.plist */ = {isa = PBXFileReference; lastKnownFileType = text.plist.xml; path = "DragAndDrop-Info.plist"; sourceTree = "<group>"; };
		00A103CC17546AB400DA58E3 /* en */ = {isa = PBXFileReference; lastKnownFileType = text.plist.strings; name = en; path = en.lproj/InfoPlist.strings; sourceTree = "<group>"; };
		00A103CE17546AB400DA58E3 /* main.m */ = {isa = PBXFileReference; lastKnownFileType = sourcecode.c.objc; path = main.m; sourceTree = "<group>"; };
		00A103D017546AB400DA58E3 /* DragAndDrop-Prefix.pch */ = {isa = PBXFileReference; lastKnownFileType = sourcecode.c.h; path = "DragAndDrop-Prefix.pch"; sourceTree = "<group>"; };
		00A103D117546AB400DA58E3 /* XYZAppDelegate.h */ = {isa = PBXFileReference; lastKnownFileType = sourcecode.c.h; path = XYZAppDelegate.h; sourceTree = "<group>"; };
		00A103D217546AB400DA58E3 /* XYZAppDelegate.m */ = {isa = PBXFileReference; lastKnownFileType = sourcecode.c.objc; path = XYZAppDelegate.m; sourceTree = "<group>"; };
		00A103D417546AB400DA58E3 /* Default.png */ = {isa = PBXFileReference; lastKnownFileType = image.png; path = Default.png; sourceTree = "<group>"; };
		00A103D617546AB400DA58E3 /* Default@2x.png */ = {isa = PBXFileReference; lastKnownFileType = image.png; path = "Default@2x.png"; sourceTree = "<group>"; };
		00A103D817546AB400DA58E3 /* Default-568h@2x.png */ = {isa = PBXFileReference; lastKnownFileType = image.png; path = "Default-568h@2x.png"; sourceTree = "<group>"; };
		00A103DA17546AB400DA58E3 /* XYZViewController.h */ = {isa = PBXFileReference; lastKnownFileType = sourcecode.c.h; path = XYZViewController.h; sourceTree = "<group>"; };
		00A103DB17546AB400DA58E3 /* XYZViewController.m */ = {isa = PBXFileReference; lastKnownFileType = sourcecode.c.objc; path = XYZViewController.m; sourceTree = "<group>"; };
		00A103DE17546AB400DA58E3 /* en */ = {isa = PBXFileReference; lastKnownFileType = file.xib; name = en; path = en.lproj/XYZViewController.xib; sourceTree = "<group>"; };
		00F2435117572204000A0B9A /* Button1.jpg */ = {isa = PBXFileReference; lastKnownFileType = image.jpeg; path = Button1.jpg; sourceTree = "<group>"; };
		00F2435317572688000A0B9A /* Button3.jpg */ = {isa = PBXFileReference; lastKnownFileType = image.jpeg; path = Button3.jpg; sourceTree = "<group>"; };
		00F243551757269D000A0B9A /* Button2.jpg */ = {isa = PBXFileReference; lastKnownFileType = image.jpeg; path = Button2.jpg; sourceTree = "<group>"; };
		00F24359175727F2000A0B9A /* Buttonright.jpg */ = {isa = PBXFileReference; lastKnownFileType = image.jpeg; path = Buttonright.jpg; sourceTree = "<group>"; };
/* End PBXFileReference section */

/* Begin PBXFrameworksBuildPhase section */
		00A103BC17546AB400DA58E3 /* Frameworks */ = {
			isa = PBXFrameworksBuildPhase;
			buildActionMask = 2147483647;
			files = (
				00A103C317546AB400DA58E3 /* UIKit.framework in Frameworks */,
				00A103C517546AB400DA58E3 /* Foundation.framework in Frameworks */,
				00A103C717546AB400DA58E3 /* CoreGraphics.framework in Frameworks */,
			);
			runOnlyForDeploymentPostprocessing = 0;
		};
/* End PBXFrameworksBuildPhase section */

/* Begin PBXGroup section */
		00A103B617546AB400DA58E3 = {
			isa = PBXGroup;
			children = (
				00F24359175727F2000A0B9A /* Buttonright.jpg */,
				00F243551757269D000A0B9A /* Button2.jpg */,
				00F2435317572688000A0B9A /* Button3.jpg */,
				00F2435117572204000A0B9A /* Button1.jpg */,
				00A103C817546AB400DA58E3 /* DragAndDrop */,
				00A103C117546AB400DA58E3 /* Frameworks */,
				00A103C017546AB400DA58E3 /* Products */,
			);
			sourceTree = "<group>";
		};
		00A103C017546AB400DA58E3 /* Products */ = {
			isa = PBXGroup;
			children = (
				00A103BF17546AB400DA58E3 /* DragAndDrop.app */,
			);
			name = Products;
			sourceTree = "<group>";
		};
		00A103C117546AB400DA58E3 /* Frameworks */ = {
			isa = PBXGroup;
			children = (
				00A103C217546AB400DA58E3 /* UIKit.framework */,
				00A103C417546AB400DA58E3 /* Foundation.framework */,
				00A103C617546AB400DA58E3 /* CoreGraphics.framework */,
			);
			name = Frameworks;
			sourceTree = "<group>";
		};
		00A103C817546AB400DA58E3 /* DragAndDrop */ = {
			isa = PBXGroup;
			children = (
				00A103D117546AB400DA58E3 /* XYZAppDelegate.h */,
				00A103D217546AB400DA58E3 /* XYZAppDelegate.m */,
				00A103DA17546AB400DA58E3 /* XYZViewController.h */,
				00A103DB17546AB400DA58E3 /* XYZViewController.m */,
				00A103DD17546AB400DA58E3 /* XYZViewController.xib */,
				00A103C917546AB400DA58E3 /* Supporting Files */,
			);
			path = DragAndDrop;
			sourceTree = "<group>";
		};
		00A103C917546AB400DA58E3 /* Supporting Files */ = {
			isa = PBXGroup;
			children = (
				00A103CA17546AB400DA58E3 /* DragAndDrop-Info.plist */,
				00A103CB17546AB400DA58E3 /* InfoPlist.strings */,
				00A103CE17546AB400DA58E3 /* main.m */,
				00A103D017546AB400DA58E3 /* DragAndDrop-Prefix.pch */,
				00A103D417546AB400DA58E3 /* Default.png */,
				00A103D617546AB400DA58E3 /* Default@2x.png */,
				00A103D817546AB400DA58E3 /* Default-568h@2x.png */,
			);
			name = "Supporting Files";
			sourceTree = "<group>";
		};
/* End PBXGroup section */

/* Begin PBXNativeTarget section */
		00A103BE17546AB400DA58E3 /* DragAndDrop */ = {
			isa = PBXNativeTarget;
			buildConfigurationList = 00A103E217546AB400DA58E3 /* Build configuration list for PBXNativeTarget "DragAndDrop" */;
			buildPhases = (
				00A103BB17546AB400DA58E3 /* Sources */,
				00A103BC17546AB400DA58E3 /* Frameworks */,
				00A103BD17546AB400DA58E3 /* Resources */,
			);
			buildRules = (
			);
			dependencies = (
			);
			name = DragAndDrop;
			productName = DragAndDrop;
			productReference = 00A103BF17546AB400DA58E3 /* DragAndDrop.app */;
			productType = "com.apple.product-type.application";
		};
/* End PBXNativeTarget section */

/* Begin PBXProject section */
		00A103B717546AB400DA58E3 /* Project object */ = {
			isa = PBXProject;
			attributes = {
				CLASSPREFIX = XYZ;
				LastUpgradeCheck = 0460;
				ORGANIZATIONNAME = "Eric Gu";
			};
			buildConfigurationList = 00A103BA17546AB400DA58E3 /* Build configuration list for PBXProject "DragAndDrop" */;
			compatibilityVersion = "Xcode 3.2";
			developmentRegion = English;
			hasScannedForEncodings = 0;
			knownRegions = (
				en,
			);
			mainGroup = 00A103B617546AB400DA58E3;
			productRefGroup = 00A103C017546AB400DA58E3 /* Products */;
			projectDirPath = "";
			projectRoot = "";
			targets = (
				00A103BE17546AB400DA58E3 /* DragAndDrop */,
			);
		};
/* End PBXProject section */

/* Begin PBXResourcesBuildPhase section */
		00A103BD17546AB400DA58E3 /* Resources */ = {
			isa = PBXResourcesBuildPhase;
			buildActionMask = 2147483647;
			files = (
				00A103CD17546AB400DA58E3 /* InfoPlist.strings in Resources */,
				00A103D517546AB400DA58E3 /* Default.png in Resources */,
				00A103D717546AB400DA58E3 /* Default@2x.png in Resources */,
				00A103D917546AB400DA58E3 /* Default-568h@2x.png in Resources */,
				00A103DF17546AB400DA58E3 /* XYZViewController.xib in Resources */,
				00F2435217572204000A0B9A /* Button1.jpg in Resources */,
				00F2435417572688000A0B9A /* Button3.jpg in Resources */,
				00F243561757269D000A0B9A /* Button2.jpg in Resources */,
				00F2435A175727F2000A0B9A /* Buttonright.jpg in Resources */,
			);
			runOnlyForDeploymentPostprocessing = 0;
		};
/* End PBXResourcesBuildPhase section */

/* Begin PBXSourcesBuildPhase section */
		00A103BB17546AB400DA58E3 /* Sources */ = {
			isa = PBXSourcesBuildPhase;
			buildActionMask = 2147483647;
			files = (
				00A103CF17546AB400DA58E3 /* main.m in Sources */,
				00A103D317546AB400DA58E3 /* XYZAppDelegate.m in Sources */,
				00A103DC17546AB400DA58E3 /* XYZViewController.m in Sources */,
			);
			runOnlyForDeploymentPostprocessing = 0;
		};
/* End PBXSourcesBuildPhase section */

/* Begin PBXVariantGroup section */
		00A103CB17546AB400DA58E3 /* InfoPlist.strings */ = {
			isa = PBXVariantGroup;
			children = (
				00A103CC17546AB400DA58E3 /* en */,
			);
			name = InfoPlist.strings;
			sourceTree = "<group>";
		};
		00A103DD17546AB400DA58E3 /* XYZViewController.xib */ = {
			isa = PBXVariantGroup;
			children = (
				00A103DE17546AB400DA58E3 /* en */,
			);
			name = XYZViewController.xib;
			sourceTree = "<group>";
		};
/* End PBXVariantGroup section */

/* Begin XCBuildConfiguration section */
		00A103E017546AB400DA58E3 /* Debug */ = {
			isa = XCBuildConfiguration;
			buildSettings = {
				ALWAYS_SEARCH_USER_PATHS = NO;
				CLANG_CXX_LANGUAGE_STANDARD = "gnu++0x";
				CLANG_CXX_LIBRARY = "libc++";
				CLANG_ENABLE_OBJC_ARC = YES;
				CLANG_WARN_CONSTANT_CONVERSION = YES;
				CLANG_WARN_EMPTY_BODY = YES;
				CLANG_WARN_ENUM_CONVERSION = YES;
				CLANG_WARN_INT_CONVERSION = YES;
				CLANG_WARN__DUPLICATE_METHOD_MATCH = YES;
				"CODE_SIGN_IDENTITY[sdk=iphoneos*]" = "iPhone Developer";
				COPY_PHASE_STRIP = NO;
				GCC_C_LANGUAGE_STANDARD = gnu99;
				GCC_DYNAMIC_NO_PIC = NO;
				GCC_OPTIMIZATION_LEVEL = 0;
				GCC_PREPROCESSOR_DEFINITIONS = (
					"DEBUG=1",
					"$(inherited)",
				);
				GCC_SYMBOLS_PRIVATE_EXTERN = NO;
				GCC_WARN_ABOUT_RETURN_TYPE = YES;
				GCC_WARN_UNINITIALIZED_AUTOS = YES;
				GCC_WARN_UNUSED_VARIABLE = YES;
				IPHONEOS_DEPLOYMENT_TARGET = 6.1;
				ONLY_ACTIVE_ARCH = YES;
				SDKROOT = iphoneos;
				TARGETED_DEVICE_FAMILY = 2;
			};
			name = Debug;
		};
		00A103E117546AB400DA58E3 /* Release */ = {
			isa = XCBuildConfiguration;
			buildSettings = {
				ALWAYS_SEARCH_USER_PATHS = NO;
				CLANG_CXX_LANGUAGE_STANDARD = "gnu++0x";
				CLANG_CXX_LIBRARY = "libc++";
				CLANG_ENABLE_OBJC_ARC = YES;
				CLANG_WARN_CONSTANT_CONVERSION = YES;
				CLANG_WARN_EMPTY_BODY = YES;
				CLANG_WARN_ENUM_CONVERSION = YES;
				CLANG_WARN_INT_CONVERSION = YES;
				CLANG_WARN__DUPLICATE_METHOD_MATCH = YES;
				"CODE_SIGN_IDENTITY[sdk=iphoneos*]" = "iPhone Developer";
				COPY_PHASE_STRIP = YES;
				GCC_C_LANGUAGE_STANDARD = gnu99;
				GCC_WARN_ABOUT_RETURN_TYPE = YES;
				GCC_WARN_UNINITIALIZED_AUTOS = YES;
				GCC_WARN_UNUSED_VARIABLE = YES;
				IPHONEOS_DEPLOYMENT_TARGET = 6.1;
				OTHER_CFLAGS = "-DNS_BLOCK_ASSERTIONS=1";
				SDKROOT = iphoneos;
				TARGETED_DEVICE_FAMILY = 2;
				VALIDATE_PRODUCT = YES;
			};
			name = Release;
		};
		00A103E317546AB400DA58E3 /* Debug */ = {
			isa = XCBuildConfiguration;
			buildSettings = {
				GCC_PRECOMPILE_PREFIX_HEADER = YES;
				GCC_PREFIX_HEADER = "DragAndDrop/DragAndDrop-Prefix.pch";
				INFOPLIST_FILE = "DragAndDrop/DragAndDrop-Info.plist";
				PRODUCT_NAME = "$(TARGET_NAME)";
				WRAPPER_EXTENSION = app;
			};
			name = Debug;
		};
		00A103E417546AB400DA58E3 /* Release */ = {
			isa = XCBuildConfiguration;
			buildSettings = {
				GCC_PRECOMPILE_PREFIX_HEADER = YES;
				GCC_PREFIX_HEADER = "DragAndDrop/DragAndDrop-Prefix.pch";
				INFOPLIST_FILE = "DragAndDrop/DragAndDrop-Info.plist";
				PRODUCT_NAME = "$(TARGET_NAME)";
				WRAPPER_EXTENSION = app;
			};
			name = Release;
		};
/* End XCBuildConfiguration section */

/* Begin XCConfigurationList section */
		00A103BA17546AB400DA58E3 /* Build configuration list for PBXProject "DragAndDrop" */ = {
			isa = XCConfigurationList;
			buildConfigurations = (
				00A103E017546AB400DA58E3 /* Debug */,
				00A103E117546AB400DA58E3 /* Release */,
			);
			defaultConfigurationIsVisible = 0;
			defaultConfigurationName = Release;
		};
		00A103E217546AB400DA58E3 /* Build configuration list for PBXNativeTarget "DragAndDrop" */ = {
			isa = XCConfigurationList;
			buildConfigurations = (
				00A103E317546AB400DA58E3 /* Debug */,
				00A103E417546AB400DA58E3 /* Release */,
			);
			defaultConfigurationIsVisible = 0;
			defaultConfigurationName = Release;
		};
/* End XCConfigurationList section */
	};
	rootObject = 00A103B717546AB400DA58E3 /* Project object */;
}
